// !$*UTF8*$!
{
	archiveVersion = 1;
	classes = {
	};
	objectVersion = 50;
	objects = {

/* Begin PBXBuildFile section */
		155449E124DE8CAA00FA47ED /* AppDelegate.swift in Sources */ = {isa = PBXBuildFile; fileRef = 155449E024DE8CAA00FA47ED /* AppDelegate.swift */; };
		155449E324DE8CAA00FA47ED /* SceneDelegate.swift in Sources */ = {isa = PBXBuildFile; fileRef = 155449E224DE8CAA00FA47ED /* SceneDelegate.swift */; };
		155449E524DE8CAA00FA47ED /* ViewController.swift in Sources */ = {isa = PBXBuildFile; fileRef = 155449E424DE8CAA00FA47ED /* ViewController.swift */; };
		155449E824DE8CAA00FA47ED /* Main.storyboard in Resources */ = {isa = PBXBuildFile; fileRef = 155449E624DE8CAA00FA47ED /* Main.storyboard */; };
		155449EA24DE8CB300FA47ED /* Assets.xcassets in Resources */ = {isa = PBXBuildFile; fileRef = 155449E924DE8CB300FA47ED /* Assets.xcassets */; };
		155449ED24DE8CB300FA47ED /* LaunchScreen.storyboard in Resources */ = {isa = PBXBuildFile; fileRef = 155449EB24DE8CB300FA47ED /* LaunchScreen.storyboard */; };
/* End PBXBuildFile section */

/* Begin PBXFileReference section */
		155449DD24DE8CAA00FA47ED /* SheAlbum.app */ = {isa = PBXFileReference; explicitFileType = wrapper.application; includeInIndex = 0; path = SheAlbum.app; sourceTree = BUILT_PRODUCTS_DIR; };
		155449E024DE8CAA00FA47ED /* AppDelegate.swift */ = {isa = PBXFileReference; lastKnownFileType = sourcecode.swift; path = AppDelegate.swift; sourceTree = "<group>"; };
		155449E224DE8CAA00FA47ED /* SceneDelegate.swift */ = {isa = PBXFileReference; lastKnownFileType = sourcecode.swift; path = SceneDelegate.swift; sourceTree = "<group>"; };
		155449E424DE8CAA00FA47ED /* ViewController.swift */ = {isa = PBXFileReference; lastKnownFileType = sourcecode.swift; path = ViewController.swift; sourceTree = "<group>"; };
		155449E724DE8CAA00FA47ED /* Base */ = {isa = PBXFileReference; lastKnownFileType = file.storyboard; name = Base; path = Base.lproj/Main.storyboard; sourceTree = "<group>"; };
		155449E924DE8CB300FA47ED /* Assets.xcassets */ = {isa = PBXFileReference; lastKnownFileType = folder.assetcatalog; path = Assets.xcassets; sourceTree = "<group>"; };
		155449EC24DE8CB300FA47ED /* Base */ = {isa = PBXFileReference; lastKnownFileType = file.storyboard; name = Base; path = Base.lproj/LaunchScreen.storyboard; sourceTree = "<group>"; };
		155449EE24DE8CB300FA47ED /* Info.plist */ = {isa = PBXFileReference; lastKnownFileType = text.plist.xml; path = Info.plist; sourceTree = "<group>"; };
/* End PBXFileReference section */

/* Begin PBXFrameworksBuildPhase section */
		155449DA24DE8CAA00FA47ED /* Frameworks */ = {
			isa = PBXFrameworksBuildPhase;
			buildActionMask = 2147483647;
			files = (
			);
			runOnlyForDeploymentPostprocessing = 0;
		};
/* End PBXFrameworksBuildPhase section */

/* Begin PBXGroup section */
		155449D424DE8CAA00FA47ED = {
			isa = PBXGroup;
			children = (
				155449DF24DE8CAA00FA47ED /* SheAlbum */,
				155449DE24DE8CAA00FA47ED /* Products */,
			);
			sourceTree = "<group>";
		};
		155449DE24DE8CAA00FA47ED /* Products */ = {
			isa = PBXGroup;
			children = (
				155449DD24DE8CAA00FA47ED /* SheAlbum.app */,
			);
			name = Products;
			sourceTree = "<group>";
		};
		155449DF24DE8CAA00FA47ED /* SheAlbum */ = {
			isa = PBXGroup;
			children = (
				155449E024DE8CAA00FA47ED /* AppDelegate.swift */,
				155449E224DE8CAA00FA47ED /* SceneDelegate.swift */,
				155449E424DE8CAA00FA47ED /* ViewController.swift */,
				155449E624DE8CAA00FA47ED /* Main.storyboard */,
				155449E924DE8CB300FA47ED /* Assets.xcassets */,
				155449EB24DE8CB300FA47ED /* LaunchScreen.storyboard */,
				155449EE24DE8CB300FA47ED /* Info.plist */,
			);
			path = SheAlbum;
			sourceTree = "<group>";
		};
/* End PBXGroup section */

/* Begin PBXNativeTarget section */
		155449DC24DE8CAA00FA47ED /* SheAlbum */ = {
			isa = PBXNativeTarget;
			buildConfigurationList = 155449F124DE8CB300FA47ED /* Build configuration list for PBXNativeTarget "SheAlbum" */;
			buildPhases = (
				155449D924DE8CAA00FA47ED /* Sources */,
				155449DA24DE8CAA00FA47ED /* Frameworks */,
				155449DB24DE8CAA00FA47ED /* Resources */,
			);
			buildRules = (
			);
			dependencies = (
			);
			name = SheAlbum;
			productName = SheAlbum;
			productReference = 155449DD24DE8CAA00FA47ED /* SheAlbum.app */;
			productType = "com.apple.product-type.application";
		};
/* End PBXNativeTarget section */

/* Begin PBXProject section */
		155449D524DE8CAA00FA47ED /* Project object */ = {
			isa = PBXProject;
			attributes = {
				LastSwiftUpdateCheck = 1130;
				LastUpgradeCheck = 1130;
				ORGANIZATIONNAME = Yida;
				TargetAttributes = {
					155449DC24DE8CAA00FA47ED = {
						CreatedOnToolsVersion = 11.3.1;
					};
				};
			};
			buildConfigurationList = 155449D824DE8CAA00FA47ED /* Build configuration list for PBXProject "SheAlbum" */;
			compatibilityVersion = "Xcode 9.3";
			developmentRegion = en;
			hasScannedForEncodings = 0;
			knownRegions = (
				en,
				Base,
			);
			mainGroup = 155449D424DE8CAA00FA47ED;
			productRefGroup = 155449DE24DE8CAA00FA47ED /* Products */;
			projectDirPath = "";
			projectRoot = "";
			targets = (
				155449DC24DE8CAA00FA47ED /* SheAlbum */,
			);
		};
/* End PBXProject section */

/* Begin PBXResourcesBuildPhase section */
		155449DB24DE8CAA00FA47ED /* Resources */ = {
			isa = PBXResourcesBuildPhase;
			buildActionMask = 2147483647;
			files = (
				155449ED24DE8CB300FA47ED /* LaunchScreen.storyboard in Resources */,
				155449EA24DE8CB300FA47ED /* Assets.xcassets in Resources */,
				155449E824DE8CAA00FA47ED /* Main.storyboard in Resources */,
			);
			runOnlyForDeploymentPostprocessing = 0;
		};
/* End PBXResourcesBuildPhase section */

/* Begin PBXSourcesBuildPhase section */
		155449D924DE8CAA00FA47ED /* Sources */ = {
			isa = PBXSourcesBuildPhase;
			buildActionMask = 2147483647;
			files = (
				155449E524DE8CAA00FA47ED /* ViewController.swift in Sources */,
				155449E124DE8CAA00FA47ED /* AppDelegate.swift in Sources */,
				155449E324DE8CAA00FA47ED /* SceneDelegate.swift in Sources */,
			);
			runOnlyForDeploymentPostprocessing = 0;
		};
/* End PBXSourcesBuildPhase section */

/* Begin PBXVariantGroup section */
		155449E624DE8CAA00FA47ED /* Main.storyboard */ = {
			isa = PBXVariantGroup;
			children = (
				155449E724DE8CAA00FA47ED /* Base */,
			);
			name = Main.storyboard;
			sourceTree = "<group>";
		};
		155449EB24DE8CB300FA47ED /* LaunchScreen.storyboard */ = {
			isa = PBXVariantGroup;
			children = (
				155449EC24DE8CB300FA47ED /* Base */,
			);
			name = LaunchScreen.storyboard;
			sourceTree = "<group>";
		};
/* End PBXVariantGroup section */

/* Begin XCBuildConfiguration section */
		155449EF24DE8CB300FA47ED /* Debug */ = {
			isa = XCBuildConfiguration;
			buildSettings = {
				ALWAYS_SEARCH_USER_PATHS = NO;
				CLANG_ANALYZER_NONNULL = YES;
				CLANG_ANALYZER_NUMBER_OBJECT_CONVERSION = YES_AGGRESSIVE;
				CLANG_CXX_LANGUAGE_STANDARD = "gnu++14";
				CLANG_CXX_LIBRARY = "libc++";
				CLANG_ENABLE_MODULES = YES;
				CLANG_ENABLE_OBJC_ARC = YES;
				CLANG_ENABLE_OBJC_WEAK = YES;
				CLANG_WARN_BLOCK_CAPTURE_AUTORELEASING = YES;
				CLANG_WARN_BOOL_CONVERSION = YES;
				CLANG_WARN_COMMA = YES;
				CLANG_WARN_CONSTANT_CONVERSION = YES;
				CLANG_WARN_DEPRECATED_OBJC_IMPLEMENTATIONS = YES;
				CLANG_WARN_DIRECT_OBJC_ISA_USAGE = YES_ERROR;
				CLANG_WARN_DOCUMENTATION_COMMENTS = YES;
				CLANG_WARN_EMPTY_BODY = YES;
				CLANG_WARN_ENUM_CONVERSION = YES;
				CLANG_WARN_INFINITE_RECURSION = YES;
				CLANG_WARN_INT_CONVERSION = YES;
				CLANG_WARN_NON_LITERAL_NULL_CONVERSION = YES;
				CLANG_WARN_OBJC_IMPLICIT_RETAIN_SELF = YES;
				CLANG_WARN_OBJC_LITERAL_CONVERSION = YES;
				CLANG_WARN_OBJC_ROOT_CLASS = YES_ERROR;
				CLANG_WARN_RANGE_LOOP_ANALYSIS = YES;
				CLANG_WARN_STRICT_PROTOTYPES = YES;
				CLANG_WARN_SUSPICIOUS_MOVE = YES;
				CLANG_WARN_UNGUARDED_AVAILABILITY = YES_AGGRESSIVE;
				CLANG_WARN_UNREACHABLE_CODE = YES;
				CLANG_WARN__DUPLICATE_METHOD_MATCH = YES;
				COPY_PHASE_STRIP = NO;
				DEBUG_INFORMATION_FORMAT = dwarf;
				ENABLE_STRICT_OBJC_MSGSEND = YES;
				ENABLE_TESTABILITY = YES;
				GCC_C_LANGUAGE_STANDARD = gnu11;
				GCC_DYNAMIC_NO_PIC = NO;
				GCC_NO_COMMON_BLOCKS = YES;
				GCC_OPTIMIZATION_LEVEL = 0;
				GCC_PREPROCESSOR_DEFINITIONS = (
					"DEBUG=1",
					"$(inherited)",
				);
				GCC_WARN_64_TO_32_BIT_CONVERSION = YES;
				GCC_WARN_ABOUT_RETURN_TYPE = YES_ERROR;
				GCC_WARN_UNDECLARED_SELECTOR = YES;
				GCC_WARN_UNINITIALIZED_AUTOS = YES_AGGRESSIVE;
				GCC_WARN_UNUSED_FUNCTION = YES;
				GCC_WARN_UNUSED_VARIABLE = YES;
				IPHONEOS_DEPLOYMENT_TARGET = 13.2;
				MTL_ENABLE_DEBUG_INFO = INCLUDE_SOURCE;
				MTL_FAST_MATH = YES;
				ONLY_ACTIVE_ARCH = YES;
				SDKROOT = iphoneos;
				SWIFT_ACTIVE_COMPILATION_CONDITIONS = DEBUG;
				SWIFT_OPTIMIZATION_LEVEL = "-Onone";
			};
			name = Debug;
		};
		155449F024DE8CB300FA47ED /* Release */ = {
			isa = XCBuildConfiguration;
			buildSettings = {
				ALWAYS_SEARCH_USER_PATHS = NO;
				CLANG_ANALYZER_NONNULL = YES;
				CLANG_ANALYZER_NUMBER_OBJECT_CONVERSION = YES_AGGRESSIVE;
				CLANG_CXX_LANGUAGE_STANDARD = "gnu++14";
				CLANG_CXX_LIBRARY = "libc++";
				CLANG_ENABLE_MODULES = YES;
				CLANG_ENABLE_OBJC_ARC = YES;
				CLANG_ENABLE_OBJC_WEAK = YES;
				CLANG_WARN_BLOCK_CAPTURE_AUTORELEASING = YES;
				CLANG_WARN_BOOL_CONVERSION = YES;
				CLANG_WARN_COMMA = YES;
				CLANG_WARN_CONSTANT_CONVERSION = YES;
				CLANG_WARN_DEPRECATED_OBJC_IMPLEMENTATIONS = YES;
				CLANG_WARN_DIRECT_OBJC_ISA_USAGE = YES_ERROR;
				CLANG_WARN_DOCUMENTATION_COMMENTS = YES;
				CLANG_WARN_EMPTY_BODY = YES;
				CLANG_WARN_ENUM_CONVERSION = YES;
				CLANG_WARN_INFINITE_RECURSION = YES;
				CLANG_WARN_INT_CONVERSION = YES;
				CLANG_WARN_NON_LITERAL_NULL_CONVERSION = YES;
				CLANG_WARN_OBJC_IMPLICIT_RETAIN_SELF = YES;
				CLANG_WARN_OBJC_LITERAL_CONVERSION = YES;
				CLANG_WARN_OBJC_ROOT_CLASS = YES_ERROR;
				CLANG_WARN_RANGE_LOOP_ANALYSIS = YES;
				CLANG_WARN_STRICT_PROTOTYPES = YES;
				CLANG_WARN_SUSPICIOUS_MOVE = YES;
				CLANG_WARN_UNGUARDED_AVAILABILITY = YES_AGGRESSIVE;
				CLANG_WARN_UNREACHABLE_CODE = YES;
				CLANG_WARN__DUPLICATE_METHOD_MATCH = YES;
				COPY_PHASE_STRIP = NO;
				DEBUG_INFORMATION_FORMAT = "dwarf-with-dsym";
				ENABLE_NS_ASSERTIONS = NO;
				ENABLE_STRICT_OBJC_MSGSEND = YES;
				GCC_C_LANGUAGE_STANDARD = gnu11;
				GCC_NO_COMMON_BLOCKS = YES;
				GCC_WARN_64_TO_32_BIT_CONVERSION = YES;
				GCC_WARN_ABOUT_RETURN_TYPE = YES_ERROR;
				GCC_WARN_UNDECLARED_SELECTOR = YES;
				GCC_WARN_UNINITIALIZED_AUTOS = YES_AGGRESSIVE;
				GCC_WARN_UNUSED_FUNCTION = YES;
				GCC_WARN_UNUSED_VARIABLE = YES;
				IPHONEOS_DEPLOYMENT_TARGET = 13.2;
				MTL_ENABLE_DEBUG_INFO = NO;
				MTL_FAST_MATH = YES;
				SDKROOT = iphoneos;
				SWIFT_COMPILATION_MODE = wholemodule;
				SWIFT_OPTIMIZATION_LEVEL = "-O";
				VALIDATE_PRODUCT = YES;
			};
			name = Release;
		};
		155449F224DE8CB300FA47ED /* Debug */ = {
			isa = XCBuildConfiguration;
			buildSettings = {
				ASSETCATALOG_COMPILER_APPICON_NAME = AppIcon;
				CODE_SIGN_STYLE = Automatic;
				INFOPLIST_FILE = SheAlbum/Info.plist;
				LD_RUNPATH_SEARCH_PATHS = (
					"$(inherited)",
					"@executable_path/Frameworks",
				);
				PRODUCT_BUNDLE_IDENTIFIER = gjun.SheAlbum;
				PRODUCT_NAME = "$(TARGET_NAME)";
				SWIFT_VERSION = 5.0;
				TARGETED_DEVICE_FAMILY = "1,2";
			};
			name = Debug;
		};
		155449F324DE8CB300FA47ED /* Release */ = {
			isa = XCBuildConfiguration;
			buildSettings = {
				ASSETCATALOG_COMPILER_APPICON_NAME = AppIcon;
				CODE_SIGN_STYLE = Automatic;
				INFOPLIST_FILE = SheAlbum/Info.plist;
				LD_RUNPATH_SEARCH_PATHS = (
					"$(inherited)",
					"@executable_path/Frameworks",
				);
				PRODUCT_BUNDLE_IDENTIFIER = gjun.SheAlbum;
				PRODUCT_NAME = "$(TARGET_NAME)";
				SWIFT_VERSION = 5.0;
				TARGETED_DEVICE_FAMILY = "1,2";
			};
			name = Release;
		};
/* End XCBuildConfiguration section */

/* Begin XCConfigurationList section */
		155449D824DE8CAA00FA47ED /* Build configuration list for PBXProject "SheAlbum" */ = {
			isa = XCConfigurationList;
			buildConfigurations = (
				155449EF24DE8CB300FA47ED /* Debug */,
				155449F024DE8CB300FA47ED /* Release */,
			);
			defaultConfigurationIsVisible = 0;
			defaultConfigurationName = Release;
		};
		155449F124DE8CB300FA47ED /* Build configuration list for PBXNativeTarget "SheAlbum" */ = {
			isa = XCConfigurationList;
			buildConfigurations = (
				155449F224DE8CB300FA47ED /* Debug */,
				155449F324DE8CB300FA47ED /* Release */,
			);
			defaultConfigurationIsVisible = 0;
			defaultConfigurationName = Release;
		};
/* End XCConfigurationList section */
	};
	rootObject = 155449D524DE8CAA00FA47ED /* Project object */;
}
